
Microsoft Visual Studio Solution File, Format Version 12.00
# Visual Studio Version 16
VisualStudioVersion = 16.0.29613.14
MinimumVisualStudioVersion = 10.0.40219.1
Project("{FAE04EC0-301F-11D3-BF4B-00C04F79EFBC}") = "sticks", "sticks\sticks.csproj", "{927A0062-4E6C-4436-80A7-1080F562C4E6}"
EndProject
Global
	GlobalSection(SolutionConfigurationPlatforms) = preSolution
		Debug|Any CPU = Debug|Any CPU
		Release|Any CPU = Release|Any CPU
	EndGlobalSection
	GlobalSection(ProjectConfigurationPlatforms) = postSolution
		{927A0062-4E6C-4436-80A7-1080F562C4E6}.Debug|Any CPU.ActiveCfg = Debug|Any CPU
		{927A0062-4E6C-4436-80A7-1080F562C4E6}.Debug|Any CPU.Build.0 = Debug|Any CPU
		{927A0062-4E6C-4436-80A7-1080F562C4E6}.Release|Any CPU.ActiveCfg = Release|Any CPU
		{927A0062-4E6C-4436-80A7-1080F562C4E6}.Release|Any CPU.Build.0 = Release|Any CPU
	EndGlobalSection
	GlobalSection(SolutionProperties) = preSolution
		HideSolutionNode = FALSE
	EndGlobalSection
	GlobalSection(ExtensibilityGlobals) = postSolution
		SolutionGuid = {9EAB0595-FEDC-4090-9E12-A1D70F7F6350}
	EndGlobalSection
EndGlobal
